
Microsoft Visual Studio Solution File, Format Version 12.00
# Visual Studio Version 17
VisualStudioVersion = 17.2.32526.322
MinimumVisualStudioVersion = 10.0.40219.1
Project("{888888A0-9F3D-457C-B088-3A5042F75D52}") = "Terot_Card_Reader", "Terot_Card_Reader\Terot_Card_Reader.pyproj", "{2A001553-2E59-465E-8B21-07088878375A}"
EndProject
Global
	GlobalSection(SolutionConfigurationPlatforms) = preSolution
		Debug|Any CPU = Debug|Any CPU
		Release|Any CPU = Release|Any CPU
	EndGlobalSection
	GlobalSection(ProjectConfigurationPlatforms) = postSolution
		{2A001553-2E59-465E-8B21-07088878375A}.Debug|Any CPU.ActiveCfg = Debug|Any CPU
		{2A001553-2E59-465E-8B21-07088878375A}.Release|Any CPU.ActiveCfg = Release|Any CPU
	EndGlobalSection
	GlobalSection(SolutionProperties) = preSolution
		HideSolutionNode = FALSE
	EndGlobalSection
	GlobalSection(ExtensibilityGlobals) = postSolution
		SolutionGuid = {34F754D2-CE77-4B7F-A9D0-0FE1875E33A3}
	EndGlobalSection
EndGlobal
